// !$*UTF8*$!
{
	archiveVersion = 1;
	classes = {
	};
	objectVersion = 46;
	objects = {

/* Begin PBXBuildFile section */
		782B11651ECF736B00C71FA6 /* AppDelegate.swift in Sources */ = {isa = PBXBuildFile; fileRef = 782B11641ECF736B00C71FA6 /* AppDelegate.swift */; };
		782B11671ECF736B00C71FA6 /* MapViewController.swift in Sources */ = {isa = PBXBuildFile; fileRef = 782B11661ECF736B00C71FA6 /* MapViewController.swift */; };
		782B116A1ECF736B00C71FA6 /* Main.storyboard in Resources */ = {isa = PBXBuildFile; fileRef = 782B11681ECF736B00C71FA6 /* Main.storyboard */; };
		782B116C1ECF736B00C71FA6 /* Assets.xcassets in Resources */ = {isa = PBXBuildFile; fileRef = 782B116B1ECF736B00C71FA6 /* Assets.xcassets */; };
		782B116F1ECF736B00C71FA6 /* LaunchScreen.storyboard in Resources */ = {isa = PBXBuildFile; fileRef = 782B116D1ECF736B00C71FA6 /* LaunchScreen.storyboard */; };
		78C7BB131ECF7AFD00557FE9 /* MapManager.swift in Sources */ = {isa = PBXBuildFile; fileRef = 78C7BB121ECF7AFD00557FE9 /* MapManager.swift */; };
		78C7BB151ECF807400557FE9 /* UIView.swift in Sources */ = {isa = PBXBuildFile; fileRef = 78C7BB141ECF807400557FE9 /* UIView.swift */; };
		78C7BB171ECF86E600557FE9 /* SettingsViewController.swift in Sources */ = {isa = PBXBuildFile; fileRef = 78C7BB161ECF86E600557FE9 /* SettingsViewController.swift */; };
		78C7BB191ECF9AC900557FE9 /* SettingsCell.swift in Sources */ = {isa = PBXBuildFile; fileRef = 78C7BB181ECF9AC900557FE9 /* SettingsCell.swift */; };
		78C7BB1C1ECFA3AC00557FE9 /* Enums.swift in Sources */ = {isa = PBXBuildFile; fileRef = 78C7BB1B1ECFA3AC00557FE9 /* Enums.swift */; };
		78C7BB1F1ED0F28000557FE9 /* MKMapViewDelegate.swift in Sources */ = {isa = PBXBuildFile; fileRef = 78C7BB1E1ED0F28000557FE9 /* MKMapViewDelegate.swift */; };
		78C7BB211ED0F35000557FE9 /* MapBoxViewDelegate.swift in Sources */ = {isa = PBXBuildFile; fileRef = 78C7BB201ED0F35000557FE9 /* MapBoxViewDelegate.swift */; };
		78F9979F1ED2EA8F0023ADBC /* MapGeocoder.swift in Sources */ = {isa = PBXBuildFile; fileRef = 78F9979E1ED2EA8F0023ADBC /* MapGeocoder.swift */; };
		78F997A11ED2FD4D0023ADBC /* MapViewDelegate.swift in Sources */ = {isa = PBXBuildFile; fileRef = 78F997A01ED2FD4D0023ADBC /* MapViewDelegate.swift */; };
		78F997A81ED35CAC0023ADBC /* CalloutMapView.swift in Sources */ = {isa = PBXBuildFile; fileRef = 78F997A71ED35CAC0023ADBC /* CalloutMapView.swift */; };
		8FB60A9C020922C3CA2AE77E /* Pods_IDMaps.framework in Frameworks */ = {isa = PBXBuildFile; fileRef = 787FA1C481C201065ED60231 /* Pods_IDMaps.framework */; };
/* End PBXBuildFile section */

/* Begin PBXFileReference section */
		6D39448956050CEA33059ABE /* Pods-IDMaps.debug.xcconfig */ = {isa = PBXFileReference; includeInIndex = 1; lastKnownFileType = text.xcconfig; name = "Pods-IDMaps.debug.xcconfig"; path = "Pods/Target Support Files/Pods-IDMaps/Pods-IDMaps.debug.xcconfig"; sourceTree = "<group>"; };
		782B11611ECF736B00C71FA6 /* IDMaps.app */ = {isa = PBXFileReference; explicitFileType = wrapper.application; includeInIndex = 0; path = IDMaps.app; sourceTree = BUILT_PRODUCTS_DIR; };
		782B11641ECF736B00C71FA6 /* AppDelegate.swift */ = {isa = PBXFileReference; lastKnownFileType = sourcecode.swift; path = AppDelegate.swift; sourceTree = "<group>"; };
		782B11661ECF736B00C71FA6 /* MapViewController.swift */ = {isa = PBXFileReference; lastKnownFileType = sourcecode.swift; path = MapViewController.swift; sourceTree = "<group>"; };
		782B11691ECF736B00C71FA6 /* Base */ = {isa = PBXFileReference; lastKnownFileType = file.storyboard; name = Base; path = Base.lproj/Main.storyboard; sourceTree = "<group>"; };
		782B116B1ECF736B00C71FA6 /* Assets.xcassets */ = {isa = PBXFileReference; lastKnownFileType = folder.assetcatalog; path = Assets.xcassets; sourceTree = "<group>"; };
		782B116E1ECF736B00C71FA6 /* Base */ = {isa = PBXFileReference; lastKnownFileType = file.storyboard; name = Base; path = Base.lproj/LaunchScreen.storyboard; sourceTree = "<group>"; };
		782B11701ECF736B00C71FA6 /* Info.plist */ = {isa = PBXFileReference; lastKnownFileType = text.plist.xml; path = Info.plist; sourceTree = "<group>"; };
		787FA1C481C201065ED60231 /* Pods_IDMaps.framework */ = {isa = PBXFileReference; explicitFileType = wrapper.framework; includeInIndex = 0; path = Pods_IDMaps.framework; sourceTree = BUILT_PRODUCTS_DIR; };
		78C7BB121ECF7AFD00557FE9 /* MapManager.swift */ = {isa = PBXFileReference; fileEncoding = 4; lastKnownFileType = sourcecode.swift; path = MapManager.swift; sourceTree = "<group>"; };
		78C7BB141ECF807400557FE9 /* UIView.swift */ = {isa = PBXFileReference; fileEncoding = 4; lastKnownFileType = sourcecode.swift; path = UIView.swift; sourceTree = "<group>"; };
		78C7BB161ECF86E600557FE9 /* SettingsViewController.swift */ = {isa = PBXFileReference; fileEncoding = 4; lastKnownFileType = sourcecode.swift; path = SettingsViewController.swift; sourceTree = "<group>"; };
		78C7BB181ECF9AC900557FE9 /* SettingsCell.swift */ = {isa = PBXFileReference; fileEncoding = 4; lastKnownFileType = sourcecode.swift; path = SettingsCell.swift; sourceTree = "<group>"; };
		78C7BB1B1ECFA3AC00557FE9 /* Enums.swift */ = {isa = PBXFileReference; fileEncoding = 4; lastKnownFileType = sourcecode.swift; path = Enums.swift; sourceTree = "<group>"; };
		78C7BB1E1ED0F28000557FE9 /* MKMapViewDelegate.swift */ = {isa = PBXFileReference; fileEncoding = 4; lastKnownFileType = sourcecode.swift; path = MKMapViewDelegate.swift; sourceTree = "<group>"; };
		78C7BB201ED0F35000557FE9 /* MapBoxViewDelegate.swift */ = {isa = PBXFileReference; fileEncoding = 4; lastKnownFileType = sourcecode.swift; path = MapBoxViewDelegate.swift; sourceTree = "<group>"; };
		78F9979E1ED2EA8F0023ADBC /* MapGeocoder.swift */ = {isa = PBXFileReference; fileEncoding = 4; lastKnownFileType = sourcecode.swift; path = MapGeocoder.swift; sourceTree = "<group>"; };
		78F997A01ED2FD4D0023ADBC /* MapViewDelegate.swift */ = {isa = PBXFileReference; fileEncoding = 4; lastKnownFileType = sourcecode.swift; path = MapViewDelegate.swift; sourceTree = "<group>"; };
		78F997A71ED35CAC0023ADBC /* CalloutMapView.swift */ = {isa = PBXFileReference; fileEncoding = 4; lastKnownFileType = sourcecode.swift; path = CalloutMapView.swift; sourceTree = "<group>"; };
		9009EE74A800053608270732 /* Pods-IDMaps.release.xcconfig */ = {isa = PBXFileReference; includeInIndex = 1; lastKnownFileType = text.xcconfig; name = "Pods-IDMaps.release.xcconfig"; path = "Pods/Target Support Files/Pods-IDMaps/Pods-IDMaps.release.xcconfig"; sourceTree = "<group>"; };
/* End PBXFileReference section */

/* Begin PBXFrameworksBuildPhase section */
		782B115E1ECF736B00C71FA6 /* Frameworks */ = {
			isa = PBXFrameworksBuildPhase;
			buildActionMask = 2147483647;
			files = (
				8FB60A9C020922C3CA2AE77E /* Pods_IDMaps.framework in Frameworks */,
			);
			runOnlyForDeploymentPostprocessing = 0;
		};
/* End PBXFrameworksBuildPhase section */

/* Begin PBXGroup section */
		782B11581ECF736B00C71FA6 = {
			isa = PBXGroup;
			children = (
				782B11631ECF736B00C71FA6 /* IDMaps */,
				782B11621ECF736B00C71FA6 /* Products */,
				965F12DA4E34F024EAD07C03 /* Pods */,
				B1854CAB9E163DDFAACC5BB5 /* Frameworks */,
			);
			sourceTree = "<group>";
		};
		782B11621ECF736B00C71FA6 /* Products */ = {
			isa = PBXGroup;
			children = (
				782B11611ECF736B00C71FA6 /* IDMaps.app */,
			);
			name = Products;
			sourceTree = "<group>";
		};
		782B11631ECF736B00C71FA6 /* IDMaps */ = {
			isa = PBXGroup;
			children = (
				78C7BB1D1ED0F26F00557FE9 /* Delegates */,
				782B11771ECF76E800C71FA6 /* VC */,
				782B11761ECF76E100C71FA6 /* Utils */,
				782B11641ECF736B00C71FA6 /* AppDelegate.swift */,
				782B11781ECF76FA00C71FA6 /* Resources */,
			);
			path = IDMaps;
			sourceTree = "<group>";
		};
		782B11761ECF76E100C71FA6 /* Utils */ = {
			isa = PBXGroup;
			children = (
				78F9979D1ED2EA680023ADBC /* Extentions */,
				78C7BB1B1ECFA3AC00557FE9 /* Enums.swift */,
				78F9979E1ED2EA8F0023ADBC /* MapGeocoder.swift */,
				78C7BB121ECF7AFD00557FE9 /* MapManager.swift */,
			);
			name = Utils;
			sourceTree = "<group>";
		};
		782B11771ECF76E800C71FA6 /* VC */ = {
			isa = PBXGroup;
			children = (
				78C7BB1A1ECFA32900557FE9 /* Views */,
				782B11661ECF736B00C71FA6 /* MapViewController.swift */,
				78C7BB161ECF86E600557FE9 /* SettingsViewController.swift */,
			);
			name = VC;
			sourceTree = "<group>";
		};
		782B11781ECF76FA00C71FA6 /* Resources */ = {
			isa = PBXGroup;
			children = (
				782B11791ECF772D00C71FA6 /* Storyboards */,
				782B116B1ECF736B00C71FA6 /* Assets.xcassets */,
				782B11701ECF736B00C71FA6 /* Info.plist */,
			);
			name = Resources;
			sourceTree = "<group>";
		};
		782B11791ECF772D00C71FA6 /* Storyboards */ = {
			isa = PBXGroup;
			children = (
				782B116D1ECF736B00C71FA6 /* LaunchScreen.storyboard */,
				782B11681ECF736B00C71FA6 /* Main.storyboard */,
			);
			name = Storyboards;
			sourceTree = "<group>";
		};
		78C7BB1A1ECFA32900557FE9 /* Views */ = {
			isa = PBXGroup;
			children = (
				78C7BB181ECF9AC900557FE9 /* SettingsCell.swift */,
				78F997A71ED35CAC0023ADBC /* CalloutMapView.swift */,
			);
			name = Views;
			sourceTree = "<group>";
		};
		78C7BB1D1ED0F26F00557FE9 /* Delegates */ = {
			isa = PBXGroup;
			children = (
				78F997A01ED2FD4D0023ADBC /* MapViewDelegate.swift */,
				78C7BB201ED0F35000557FE9 /* MapBoxViewDelegate.swift */,
				78C7BB1E1ED0F28000557FE9 /* MKMapViewDelegate.swift */,
			);
			name = Delegates;
			sourceTree = "<group>";
		};
		78F9979D1ED2EA680023ADBC /* Extentions */ = {
			isa = PBXGroup;
			children = (
				78C7BB141ECF807400557FE9 /* UIView.swift */,
			);
			name = Extentions;
			sourceTree = "<group>";
		};
		965F12DA4E34F024EAD07C03 /* Pods */ = {
			isa = PBXGroup;
			children = (
				6D39448956050CEA33059ABE /* Pods-IDMaps.debug.xcconfig */,
				9009EE74A800053608270732 /* Pods-IDMaps.release.xcconfig */,
			);
			name = Pods;
			sourceTree = "<group>";
		};
		B1854CAB9E163DDFAACC5BB5 /* Frameworks */ = {
			isa = PBXGroup;
			children = (
				787FA1C481C201065ED60231 /* Pods_IDMaps.framework */,
			);
			name = Frameworks;
			sourceTree = "<group>";
		};
/* End PBXGroup section */

/* Begin PBXNativeTarget section */
		782B11601ECF736B00C71FA6 /* IDMaps */ = {
			isa = PBXNativeTarget;
			buildConfigurationList = 782B11731ECF736B00C71FA6 /* Build configuration list for PBXNativeTarget "IDMaps" */;
			buildPhases = (
				7EBD021F71B5C036D2DC1C55 /* [CP] Check Pods Manifest.lock */,
				782B115D1ECF736B00C71FA6 /* Sources */,
				782B115E1ECF736B00C71FA6 /* Frameworks */,
				782B115F1ECF736B00C71FA6 /* Resources */,
				095E31AA3EB9166DA056197F /* [CP] Embed Pods Frameworks */,
				C25AEB6042E01015B577A06D /* [CP] Copy Pods Resources */,
			);
			buildRules = (
			);
			dependencies = (
			);
			name = IDMaps;
			productName = IDMaps;
			productReference = 782B11611ECF736B00C71FA6 /* IDMaps.app */;
			productType = "com.apple.product-type.application";
		};
/* End PBXNativeTarget section */

/* Begin PBXProject section */
		782B11591ECF736B00C71FA6 /* Project object */ = {
			isa = PBXProject;
			attributes = {
				LastSwiftUpdateCheck = 0830;
				LastUpgradeCheck = 0830;
				ORGANIZATIONNAME = ID;
				TargetAttributes = {
					782B11601ECF736B00C71FA6 = {
						CreatedOnToolsVersion = 8.3.2;
						DevelopmentTeam = 94PF3DD2J4;
						ProvisioningStyle = Manual;
					};
				};
			};
			buildConfigurationList = 782B115C1ECF736B00C71FA6 /* Build configuration list for PBXProject "IDMaps" */;
			compatibilityVersion = "Xcode 3.2";
			developmentRegion = English;
			hasScannedForEncodings = 0;
			knownRegions = (
				en,
				Base,
			);
			mainGroup = 782B11581ECF736B00C71FA6;
			productRefGroup = 782B11621ECF736B00C71FA6 /* Products */;
			projectDirPath = "";
			projectRoot = "";
			targets = (
				782B11601ECF736B00C71FA6 /* IDMaps */,
			);
		};
/* End PBXProject section */

/* Begin PBXResourcesBuildPhase section */
		782B115F1ECF736B00C71FA6 /* Resources */ = {
			isa = PBXResourcesBuildPhase;
			buildActionMask = 2147483647;
			files = (
				782B116F1ECF736B00C71FA6 /* LaunchScreen.storyboard in Resources */,
				782B116C1ECF736B00C71FA6 /* Assets.xcassets in Resources */,
				782B116A1ECF736B00C71FA6 /* Main.storyboard in Resources */,
			);
			runOnlyForDeploymentPostprocessing = 0;
		};
/* End PBXResourcesBuildPhase section */

/* Begin PBXShellScriptBuildPhase section */
		095E31AA3EB9166DA056197F /* [CP] Embed Pods Frameworks */ = {
			isa = PBXShellScriptBuildPhase;
			buildActionMask = 2147483647;
			files = (
			);
			inputPaths = (
			);
			name = "[CP] Embed Pods Frameworks";
			outputPaths = (
			);
			runOnlyForDeploymentPostprocessing = 0;
			shellPath = /bin/sh;
			shellScript = "\"${SRCROOT}/Pods/Target Support Files/Pods-IDMaps/Pods-IDMaps-frameworks.sh\"\n";
			showEnvVarsInLog = 0;
		};
		7EBD021F71B5C036D2DC1C55 /* [CP] Check Pods Manifest.lock */ = {
			isa = PBXShellScriptBuildPhase;
			buildActionMask = 2147483647;
			files = (
			);
			inputPaths = (
			);
			name = "[CP] Check Pods Manifest.lock";
			outputPaths = (
			);
			runOnlyForDeploymentPostprocessing = 0;
			shellPath = /bin/sh;
			shellScript = "diff \"${PODS_PODFILE_DIR_PATH}/Podfile.lock\" \"${PODS_ROOT}/Manifest.lock\" > /dev/null\nif [ $? != 0 ] ; then\n    # print error to STDERR\n    echo \"error: The sandbox is not in sync with the Podfile.lock. Run 'pod install' or update your CocoaPods installation.\" >&2\n    exit 1\nfi\n";
			showEnvVarsInLog = 0;
		};
		C25AEB6042E01015B577A06D /* [CP] Copy Pods Resources */ = {
			isa = PBXShellScriptBuildPhase;
			buildActionMask = 2147483647;
			files = (
			);
			inputPaths = (
			);
			name = "[CP] Copy Pods Resources";
			outputPaths = (
			);
			runOnlyForDeploymentPostprocessing = 0;
			shellPath = /bin/sh;
			shellScript = "\"${SRCROOT}/Pods/Target Support Files/Pods-IDMaps/Pods-IDMaps-resources.sh\"\n";
			showEnvVarsInLog = 0;
		};
/* End PBXShellScriptBuildPhase section */

/* Begin PBXSourcesBuildPhase section */
		782B115D1ECF736B00C71FA6 /* Sources */ = {
			isa = PBXSourcesBuildPhase;
			buildActionMask = 2147483647;
			files = (
				78F997A81ED35CAC0023ADBC /* CalloutMapView.swift in Sources */,
				78C7BB211ED0F35000557FE9 /* MapBoxViewDelegate.swift in Sources */,
				78C7BB151ECF807400557FE9 /* UIView.swift in Sources */,
				78F9979F1ED2EA8F0023ADBC /* MapGeocoder.swift in Sources */,
				782B11671ECF736B00C71FA6 /* MapViewController.swift in Sources */,
				78C7BB191ECF9AC900557FE9 /* SettingsCell.swift in Sources */,
				78C7BB131ECF7AFD00557FE9 /* MapManager.swift in Sources */,
				78C7BB1C1ECFA3AC00557FE9 /* Enums.swift in Sources */,
				78F997A11ED2FD4D0023ADBC /* MapViewDelegate.swift in Sources */,
				78C7BB171ECF86E600557FE9 /* SettingsViewController.swift in Sources */,
				78C7BB1F1ED0F28000557FE9 /* MKMapViewDelegate.swift in Sources */,
				782B11651ECF736B00C71FA6 /* AppDelegate.swift in Sources */,
			);
			runOnlyForDeploymentPostprocessing = 0;
		};
/* End PBXSourcesBuildPhase section */

/* Begin PBXVariantGroup section */
		782B11681ECF736B00C71FA6 /* Main.storyboard */ = {
			isa = PBXVariantGroup;
			children = (
				782B11691ECF736B00C71FA6 /* Base */,
			);
			name = Main.storyboard;
			sourceTree = "<group>";
		};
		782B116D1ECF736B00C71FA6 /* LaunchScreen.storyboard */ = {
			isa = PBXVariantGroup;
			children = (
				782B116E1ECF736B00C71FA6 /* Base */,
			);
			name = LaunchScreen.storyboard;
			sourceTree = "<group>";
		};
/* End PBXVariantGroup section */

/* Begin XCBuildConfiguration section */
		782B11711ECF736B00C71FA6 /* Debug */ = {
			isa = XCBuildConfiguration;
			buildSettings = {
				ALWAYS_SEARCH_USER_PATHS = NO;
				CLANG_ANALYZER_NONNULL = YES;
				CLANG_ANALYZER_NUMBER_OBJECT_CONVERSION = YES_AGGRESSIVE;
				CLANG_CXX_LANGUAGE_STANDARD = "gnu++0x";
				CLANG_CXX_LIBRARY = "libc++";
				CLANG_ENABLE_MODULES = YES;
				CLANG_ENABLE_OBJC_ARC = YES;
				CLANG_WARN_BOOL_CONVERSION = YES;
				CLANG_WARN_CONSTANT_CONVERSION = YES;
				CLANG_WARN_DIRECT_OBJC_ISA_USAGE = YES_ERROR;
				CLANG_WARN_DOCUMENTATION_COMMENTS = YES;
				CLANG_WARN_EMPTY_BODY = YES;
				CLANG_WARN_ENUM_CONVERSION = YES;
				CLANG_WARN_INFINITE_RECURSION = YES;
				CLANG_WARN_INT_CONVERSION = YES;
				CLANG_WARN_OBJC_ROOT_CLASS = YES_ERROR;
				CLANG_WARN_SUSPICIOUS_MOVE = YES;
				CLANG_WARN_UNREACHABLE_CODE = YES;
				CLANG_WARN__DUPLICATE_METHOD_MATCH = YES;
				"CODE_SIGN_IDENTITY[sdk=iphoneos*]" = "iPhone Developer";
				COPY_PHASE_STRIP = NO;
				DEBUG_INFORMATION_FORMAT = dwarf;
				ENABLE_STRICT_OBJC_MSGSEND = YES;
				ENABLE_TESTABILITY = YES;
				GCC_C_LANGUAGE_STANDARD = gnu99;
				GCC_DYNAMIC_NO_PIC = NO;
				GCC_NO_COMMON_BLOCKS = YES;
				GCC_OPTIMIZATION_LEVEL = 0;
				GCC_PREPROCESSOR_DEFINITIONS = (
					"DEBUG=1",
					"$(inherited)",
				);
				GCC_WARN_64_TO_32_BIT_CONVERSION = YES;
				GCC_WARN_ABOUT_RETURN_TYPE = YES_ERROR;
				GCC_WARN_UNDECLARED_SELECTOR = YES;
				GCC_WARN_UNINITIALIZED_AUTOS = YES_AGGRESSIVE;
				GCC_WARN_UNUSED_FUNCTION = YES;
				GCC_WARN_UNUSED_VARIABLE = YES;
				IPHONEOS_DEPLOYMENT_TARGET = 10.3;
				MTL_ENABLE_DEBUG_INFO = YES;
				ONLY_ACTIVE_ARCH = YES;
				SDKROOT = iphoneos;
				SWIFT_ACTIVE_COMPILATION_CONDITIONS = DEBUG;
				SWIFT_OPTIMIZATION_LEVEL = "-Onone";
			};
			name = Debug;
		};
		782B11721ECF736B00C71FA6 /* Release */ = {
			isa = XCBuildConfiguration;
			buildSettings = {
				ALWAYS_SEARCH_USER_PATHS = NO;
				CLANG_ANALYZER_NONNULL = YES;
				CLANG_ANALYZER_NUMBER_OBJECT_CONVERSION = YES_AGGRESSIVE;
				CLANG_CXX_LANGUAGE_STANDARD = "gnu++0x";
				CLANG_CXX_LIBRARY = "libc++";
				CLANG_ENABLE_MODULES = YES;
				CLANG_ENABLE_OBJC_ARC = YES;
				CLANG_WARN_BOOL_CONVERSION = YES;
				CLANG_WARN_CONSTANT_CONVERSION = YES;
				CLANG_WARN_DIRECT_OBJC_ISA_USAGE = YES_ERROR;
				CLANG_WARN_DOCUMENTATION_COMMENTS = YES;
				CLANG_WARN_EMPTY_BODY = YES;
				CLANG_WARN_ENUM_CONVERSION = YES;
				CLANG_WARN_INFINITE_RECURSION = YES;
				CLANG_WARN_INT_CONVERSION = YES;
				CLANG_WARN_OBJC_ROOT_CLASS = YES_ERROR;
				CLANG_WARN_SUSPICIOUS_MOVE = YES;
				CLANG_WARN_UNREACHABLE_CODE = YES;
				CLANG_WARN__DUPLICATE_METHOD_MATCH = YES;
				"CODE_SIGN_IDENTITY[sdk=iphoneos*]" = "iPhone Developer";
				COPY_PHASE_STRIP = NO;
				DEBUG_INFORMATION_FORMAT = "dwarf-with-dsym";
				ENABLE_NS_ASSERTIONS = NO;
				ENABLE_STRICT_OBJC_MSGSEND = YES;
				GCC_C_LANGUAGE_STANDARD = gnu99;
				GCC_NO_COMMON_BLOCKS = YES;
				GCC_WARN_64_TO_32_BIT_CONVERSION = YES;
				GCC_WARN_ABOUT_RETURN_TYPE = YES_ERROR;
				GCC_WARN_UNDECLARED_SELECTOR = YES;
				GCC_WARN_UNINITIALIZED_AUTOS = YES_AGGRESSIVE;
				GCC_WARN_UNUSED_FUNCTION = YES;
				GCC_WARN_UNUSED_VARIABLE = YES;
				IPHONEOS_DEPLOYMENT_TARGET = 10.3;
				MTL_ENABLE_DEBUG_INFO = NO;
				SDKROOT = iphoneos;
				SWIFT_OPTIMIZATION_LEVEL = "-Owholemodule";
				VALIDATE_PRODUCT = YES;
			};
			name = Release;
		};
		782B11741ECF736B00C71FA6 /* Debug */ = {
			isa = XCBuildConfiguration;
			baseConfigurationReference = 6D39448956050CEA33059ABE /* Pods-IDMaps.debug.xcconfig */;
			buildSettings = {
				ASSETCATALOG_COMPILER_APPICON_NAME = AppIcon;
				"CODE_SIGN_IDENTITY[sdk=iphoneos*]" = "iPhone Distribution";
				CURRENT_PROJECT_VERSION = 0;
				DEVELOPMENT_TEAM = 94PF3DD2J4;
				INFOPLIST_FILE = IDMaps/Info.plist;
				LD_RUNPATH_SEARCH_PATHS = "$(inherited) @executable_path/Frameworks";
				PRODUCT_BUNDLE_IDENTIFIER = com.id.idmaps;
				PRODUCT_NAME = "$(TARGET_NAME)";
				PROVISIONING_PROFILE = "07b99737-af3d-4f0e-be56-8a5d2948ce7b";
				PROVISIONING_PROFILE_SPECIFIER = "com.id.idmaps AppStore 1497962522";
				SWIFT_VERSION = 3.0;
				VERSIONING_SYSTEM = "apple-generic";
			};
			name = Debug;
		};
		782B11751ECF736B00C71FA6 /* Release */ = {
			isa = XCBuildConfiguration;
			baseConfigurationReference = 9009EE74A800053608270732 /* Pods-IDMaps.release.xcconfig */;
			buildSettings = {
				ASSETCATALOG_COMPILER_APPICON_NAME = AppIcon;
				"CODE_SIGN_IDENTITY[sdk=iphoneos*]" = "iPhone Distribution";
				CURRENT_PROJECT_VERSION = 0;
				DEVELOPMENT_TEAM = 94PF3DD2J4;
				INFOPLIST_FILE = IDMaps/Info.plist;
				LD_RUNPATH_SEARCH_PATHS = "$(inherited) @executable_path/Frameworks";
				PRODUCT_BUNDLE_IDENTIFIER = com.id.idmaps;
				PRODUCT_NAME = "$(TARGET_NAME)";
				PROVISIONING_PROFILE = "07b99737-af3d-4f0e-be56-8a5d2948ce7b";
				PROVISIONING_PROFILE_SPECIFIER = "com.id.idmaps AppStore 1497962522";
				SWIFT_VERSION = 3.0;
				VERSIONING_SYSTEM = "apple-generic";
			};
			name = Release;
		};
/* End XCBuildConfiguration section */

/* Begin XCConfigurationList section */
		782B115C1ECF736B00C71FA6 /* Build configuration list for PBXProject "IDMaps" */ = {
			isa = XCConfigurationList;
			buildConfigurations = (
				782B11711ECF736B00C71FA6 /* Debug */,
				782B11721ECF736B00C71FA6 /* Release */,
			);
			defaultConfigurationIsVisible = 0;
			defaultConfigurationName = Release;
		};
		782B11731ECF736B00C71FA6 /* Build configuration list for PBXNativeTarget "IDMaps" */ = {
			isa = XCConfigurationList;
			buildConfigurations = (
				782B11741ECF736B00C71FA6 /* Debug */,
				782B11751ECF736B00C71FA6 /* Release */,
			);
			defaultConfigurationIsVisible = 0;
			defaultConfigurationName = Release;
		};
/* End XCConfigurationList section */
	};
	rootObject = 782B11591ECF736B00C71FA6 /* Project object */;
}
